
Microsoft Visual Studio Solution File, Format Version 12.00
# Visual Studio Version 17
VisualStudioVersion = 17.3.32929.385
MinimumVisualStudioVersion = 10.0.40219.1
Project("{9A19103F-16F7-4668-BE54-9A1E7A4F7556}") = "6_3_Binding的源与路径_索引器", "6_3_Binding的源与路径_索引器\6_3_Binding的源与路径_索引器.csproj", "{1173AEEE-19DD-4689-BD67-086E2286F296}"
EndProject
Project("{9A19103F-16F7-4668-BE54-9A1E7A4F7556}") = "6_3_Binding的源与路径_绑定集合中的元素", "6_3_Binding的源与路径_绑定集合中的元素\6_3_Binding的源与路径_绑定集合中的元素.csproj", "{368AF743-4A1C-4DAC-BCBA-459205548219}"
EndProject
Project("{9A19103F-16F7-4668-BE54-9A1E7A4F7556}") = "6_3_Binding的源与路径_6DataContext", "6_3_Binding的源与路径_6DataContext\6_3_Binding的源与路径_6DataContext.csproj", "{E5BDF94E-FDFB-4DAE-AB4C-739915B1EB0D}"
EndProject
Project("{9A19103F-16F7-4668-BE54-9A1E7A4F7556}") = "6_3_Binding的源与路径_7_ItemsSource", "6_3_Binding的源与路径_7_ItemsSource\6_3_Binding的源与路径_7_ItemsSource.csproj", "{F20C5990-303A-46D5-979D-FFE602F07CE0}"
EndProject
Project("{9A19103F-16F7-4668-BE54-9A1E7A4F7556}") = "6_4_Binding对数据的转换与校验_1_Binding数据校验", "6_4_Binding对数据的转换与校验_1_Binding数据校验\6_4_Binding对数据的转换与校验_1_Binding数据校验.csproj", "{572634E7-F125-4D76-B5FF-4467C7C94B28}"
EndProject
Project("{9A19103F-16F7-4668-BE54-9A1E7A4F7556}") = "6_4_Binding对数据的转换与校验_2_数据转换", "6_4_Binding对数据的转换与校验_2_数据转换\6_4_Binding对数据的转换与校验_2_数据转换.csproj", "{F8F262D3-AAA2-4386-8B97-89DD54465410}"
EndProject
Project("{9A19103F-16F7-4668-BE54-9A1E7A4F7556}") = "6_5_MultiBinding", "6_5_MultiBinding\6_5_MultiBinding.csproj", "{AA64BD9D-D0F4-45F3-9ED9-627B04FB2826}"
EndProject
Project("{9A19103F-16F7-4668-BE54-9A1E7A4F7556}") = "9_1_命令系统_1_小试命令", "9_1_命令系统_1_小试命令\9_1_命令系统_1_小试命令.csproj", "{6D84C266-8550-457B-BE67-4469CC85DB8E}"
EndProject
Project("{9A19103F-16F7-4668-BE54-9A1E7A4F7556}") = "9_1_命令系统_1_5_命令参数", "9_1_命令系统_1_5_命令参数\9_1_命令系统_1_5_命令参数.csproj", "{EA0185D1-38E9-4658-95AC-9B152D7BB8E6}"
EndProject
Project("{9A19103F-16F7-4668-BE54-9A1E7A4F7556}") = "SimpleMvvmDemo", "SimpleMvvmDemo\SimpleMvvmDemo.csproj", "{0A150B36-441F-4DDA-A98B-BE409FAF62A0}"
EndProject
Project("{9A19103F-16F7-4668-BE54-9A1E7A4F7556}") = "CrazyElephant", "CrazyElephant\CrazyElephant.csproj", "{165913C1-660C-4F91-B790-BEF293765DBF}"
EndProject
Project("{9A19103F-16F7-4668-BE54-9A1E7A4F7556}") = "5_4_UI布局_Grid", "5_4_UI布局_Grid\5_4_UI布局_Grid.csproj", "{315DC47C-6E4B-47AF-BEC7-78A67B5AB9CF}"
EndProject
Project("{9A19103F-16F7-4668-BE54-9A1E7A4F7556}") = "5_4_UI布局_StackPanel", "5_4_UI布局_StackPanel\5_4_UI布局_StackPanel.csproj", "{A909E1AE-E244-4842-B909-8F4CDF8C2DD0}"
EndProject
Project("{9A19103F-16F7-4668-BE54-9A1E7A4F7556}") = "5_4_UI布局_Canvas", "5_4_UI布局_Canvas\5_4_UI布局_Canvas.csproj", "{99058564-5928-4312-87B3-A2DE922ED8AC}"
EndProject
Project("{9A19103F-16F7-4668-BE54-9A1E7A4F7556}") = "5_4_UI布局_DockPanel", "5_4_UI布局_DockPanel\5_4_UI布局_DockPanel.csproj", "{A0C834A4-D37E-4BC6-9400-FDC91F4D03E7}"
EndProject
Project("{9A19103F-16F7-4668-BE54-9A1E7A4F7556}") = "5_4_UI布局_WrapPanel", "5_4_UI布局_WrapPanel\5_4_UI布局_WrapPanel.csproj", "{08F45C13-C9BC-4A62-96AC-39CD4FEDF6DA}"
EndProject
Project("{9A19103F-16F7-4668-BE54-9A1E7A4F7556}") = "MVVMSampleAppWpf", "MVVMSampleAppWpf\MVVMSampleAppWpf.csproj", "{B44AEB95-44BC-4B86-82CE-5019E76F42EB}"
EndProject
Project("{9A19103F-16F7-4668-BE54-9A1E7A4F7556}") = "ScrollViewer", "ScrollViewer\ScrollViewer.csproj", "{35FCFFB7-2768-49B1-B092-56F1B8C924D8}"
EndProject
Project("{9A19103F-16F7-4668-BE54-9A1E7A4F7556}") = "RedditBrowser", "RedditBrowser\RedditBrowser.csproj", "{8B56C8BA-72BD-4277-A7C3-ACA00310EDB7}"
EndProject
Project("{9A19103F-16F7-4668-BE54-9A1E7A4F7556}") = "MessengingBetweenViewModels", "MessengingBetweenViewModels\MessengingBetweenViewModels.csproj", "{025E1607-646B-4328-A19E-67ED1B3CC42A}"
EndProject
Project("{9A19103F-16F7-4668-BE54-9A1E7A4F7556}") = "11_2_DataTemplate", "11_2_DataTemplate\11_2_DataTemplate.csproj", "{AD313E8F-C15C-4A96-BCA8-29361BE02A75}"
EndProject
Project("{9A19103F-16F7-4668-BE54-9A1E7A4F7556}") = "11_4_DataTemplate与ControlTemplate_3_寻找失落的控件", "11_4_DataTemplate与ControlTemplate_3_寻找失落的控件\11_4_DataTemplate与ControlTemplate_3_寻找失落的控件.csproj", "{873F08B2-6DF2-48BF-A971-3C8335243BD6}"
EndProject
Project("{9A19103F-16F7-4668-BE54-9A1E7A4F7556}") = "11_4_DataTemplate与ControlTemplate_3_2", "11_4_DataTemplate与ControlTemplate_3_2\11_4_DataTemplate与ControlTemplate_3_2.csproj", "{C61AEDE9-7027-49F6-B2E9-3A08AD42EDC7}"
EndProject
Project("{9A19103F-16F7-4668-BE54-9A1E7A4F7556}") = "11_4_DataTemplate与ControlTemplate_3_3_CellTemplate", "11_4_DataTemplate与ControlTemplate_3_3_CellTemplate\11_4_DataTemplate与ControlTemplate_3_3_CellTemplate.csproj", "{40EC264A-6D97-4A7C-8615-82A27D6B2ACB}"
EndProject
Project("{9A19103F-16F7-4668-BE54-9A1E7A4F7556}") = "11_5_Style", "11_5_Style\11_5_Style.csproj", "{E3758ECB-A094-4F48-ADA0-6CB535D961D5}"
EndProject
Project("{9A19103F-16F7-4668-BE54-9A1E7A4F7556}") = "11_5_Style_demo2_Trigger", "11_5_Style_demo2_Trigger\11_5_Style_demo2_Trigger.csproj", "{88D39D10-6CE2-47B5-9CDB-A7D0C17980A2}"
EndProject
Project("{9A19103F-16F7-4668-BE54-9A1E7A4F7556}") = "11_5_Style_demo3_MultiTrigger", "11_5_Style_demo3_MultiTrigger\11_5_Style_demo3_MultiTrigger.csproj", "{35503ED0-F05E-4FED-9DE7-513E9A35DC55}"
EndProject
Project("{9A19103F-16F7-4668-BE54-9A1E7A4F7556}") = "11_5_Style_demo4_DataTrigger", "11_5_Style_demo4_DataTrigger\11_5_Style_demo4_DataTrigger.csproj", "{C4435D79-139C-4102-A81E-F0A118AE2237}"
EndProject
Project("{9A19103F-16F7-4668-BE54-9A1E7A4F7556}") = "12_4_1_简单动画_简单线性动画", "12_4_1_简单动画_简单线性动画\12_4_1_简单动画_简单线性动画.csproj", "{CC948080-FFEA-4097-ABD0-1AE75FD3B1AF}"
EndProject
Project("{9A19103F-16F7-4668-BE54-9A1E7A4F7556}") = "12_4_1_简单动画_关键帧动画", "12_4_1_简单动画_关键帧动画\12_4_1_简单动画_关键帧动画.csproj", "{CDDF8EE9-91F9-45F6-BE1B-4B93EFEF1A9A}"
EndProject
Project("{9A19103F-16F7-4668-BE54-9A1E7A4F7556}") = "12_4_1_简单动画_路径动画", "12_4_1_简单动画_路径动画\12_4_1_简单动画_路径动画.csproj", "{223F039D-89E8-4588-8A4B-2EA8C561EFE9}"
EndProject
Project("{9A19103F-16F7-4668-BE54-9A1E7A4F7556}") = "12_4_2_Storyboard_demo1", "12_4_2_Storyboard_demo1\12_4_2_Storyboard_demo1.csproj", "{85BF2C1F-41B9-41EF-8614-7A888AB6DCD2}"
EndProject
Project("{9A19103F-16F7-4668-BE54-9A1E7A4F7556}") = "MongoDBDemo", "MongoDBDemo\MongoDBDemo.csproj", "{72E8EE56-6B1A-47C7-9A3B-8E2CAC9C2F18}"
EndProject
Global
	GlobalSection(SolutionConfigurationPlatforms) = preSolution
		Debug|Any CPU = Debug|Any CPU
		Release|Any CPU = Release|Any CPU
	EndGlobalSection
	GlobalSection(ProjectConfigurationPlatforms) = postSolution
		{1173AEEE-19DD-4689-BD67-086E2286F296}.Debug|Any CPU.ActiveCfg = Debug|Any CPU
		{1173AEEE-19DD-4689-BD67-086E2286F296}.Debug|Any CPU.Build.0 = Debug|Any CPU
		{1173AEEE-19DD-4689-BD67-086E2286F296}.Release|Any CPU.ActiveCfg = Release|Any CPU
		{1173AEEE-19DD-4689-BD67-086E2286F296}.Release|Any CPU.Build.0 = Release|Any CPU
		{368AF743-4A1C-4DAC-BCBA-459205548219}.Debug|Any CPU.ActiveCfg = Debug|Any CPU
		{368AF743-4A1C-4DAC-BCBA-459205548219}.Debug|Any CPU.Build.0 = Debug|Any CPU
		{368AF743-4A1C-4DAC-BCBA-459205548219}.Release|Any CPU.ActiveCfg = Release|Any CPU
		{368AF743-4A1C-4DAC-BCBA-459205548219}.Release|Any CPU.Build.0 = Release|Any CPU
		{E5BDF94E-FDFB-4DAE-AB4C-739915B1EB0D}.Debug|Any CPU.ActiveCfg = Debug|Any CPU
		{E5BDF94E-FDFB-4DAE-AB4C-739915B1EB0D}.Debug|Any CPU.Build.0 = Debug|Any CPU
		{E5BDF94E-FDFB-4DAE-AB4C-739915B1EB0D}.Release|Any CPU.ActiveCfg = Release|Any CPU
		{E5BDF94E-FDFB-4DAE-AB4C-739915B1EB0D}.Release|Any CPU.Build.0 = Release|Any CPU
		{F20C5990-303A-46D5-979D-FFE602F07CE0}.Debug|Any CPU.ActiveCfg = Debug|Any CPU
		{F20C5990-303A-46D5-979D-FFE602F07CE0}.Debug|Any CPU.Build.0 = Debug|Any CPU
		{F20C5990-303A-46D5-979D-FFE602F07CE0}.Release|Any CPU.ActiveCfg = Release|Any CPU
		{F20C5990-303A-46D5-979D-FFE602F07CE0}.Release|Any CPU.Build.0 = Release|Any CPU
		{572634E7-F125-4D76-B5FF-4467C7C94B28}.Debug|Any CPU.ActiveCfg = Debug|Any CPU
		{572634E7-F125-4D76-B5FF-4467C7C94B28}.Debug|Any CPU.Build.0 = Debug|Any CPU
		{572634E7-F125-4D76-B5FF-4467C7C94B28}.Release|Any CPU.ActiveCfg = Release|Any CPU
		{572634E7-F125-4D76-B5FF-4467C7C94B28}.Release|Any CPU.Build.0 = Release|Any CPU
		{F8F262D3-AAA2-4386-8B97-89DD54465410}.Debug|Any CPU.ActiveCfg = Debug|Any CPU
		{F8F262D3-AAA2-4386-8B97-89DD54465410}.Debug|Any CPU.Build.0 = Debug|Any CPU
		{F8F262D3-AAA2-4386-8B97-89DD54465410}.Release|Any CPU.ActiveCfg = Release|Any CPU
		{F8F262D3-AAA2-4386-8B97-89DD54465410}.Release|Any CPU.Build.0 = Release|Any CPU
		{AA64BD9D-D0F4-45F3-9ED9-627B04FB2826}.Debug|Any CPU.ActiveCfg = Debug|Any CPU
		{AA64BD9D-D0F4-45F3-9ED9-627B04FB2826}.Debug|Any CPU.Build.0 = Debug|Any CPU
		{AA64BD9D-D0F4-45F3-9ED9-627B04FB2826}.Release|Any CPU.ActiveCfg = Release|Any CPU
		{AA64BD9D-D0F4-45F3-9ED9-627B04FB2826}.Release|Any CPU.Build.0 = Release|Any CPU
		{6D84C266-8550-457B-BE67-4469CC85DB8E}.Debug|Any CPU.ActiveCfg = Debug|Any CPU
		{6D84C266-8550-457B-BE67-4469CC85DB8E}.Debug|Any CPU.Build.0 = Debug|Any CPU
		{6D84C266-8550-457B-BE67-4469CC85DB8E}.Release|Any CPU.ActiveCfg = Release|Any CPU
		{6D84C266-8550-457B-BE67-4469CC85DB8E}.Release|Any CPU.Build.0 = Release|Any CPU
		{EA0185D1-38E9-4658-95AC-9B152D7BB8E6}.Debug|Any CPU.ActiveCfg = Debug|Any CPU
		{EA0185D1-38E9-4658-95AC-9B152D7BB8E6}.Debug|Any CPU.Build.0 = Debug|Any CPU
		{EA0185D1-38E9-4658-95AC-9B152D7BB8E6}.Release|Any CPU.ActiveCfg = Release|Any CPU
		{EA0185D1-38E9-4658-95AC-9B152D7BB8E6}.Release|Any CPU.Build.0 = Release|Any CPU
		{0A150B36-441F-4DDA-A98B-BE409FAF62A0}.Debug|Any CPU.ActiveCfg = Debug|Any CPU
		{0A150B36-441F-4DDA-A98B-BE409FAF62A0}.Debug|Any CPU.Build.0 = Debug|Any CPU
		{0A150B36-441F-4DDA-A98B-BE409FAF62A0}.Release|Any CPU.ActiveCfg = Release|Any CPU
		{0A150B36-441F-4DDA-A98B-BE409FAF62A0}.Release|Any CPU.Build.0 = Release|Any CPU
		{165913C1-660C-4F91-B790-BEF293765DBF}.Debug|Any CPU.ActiveCfg = Debug|Any CPU
		{165913C1-660C-4F91-B790-BEF293765DBF}.Debug|Any CPU.Build.0 = Debug|Any CPU
		{165913C1-660C-4F91-B790-BEF293765DBF}.Release|Any CPU.ActiveCfg = Release|Any CPU
		{165913C1-660C-4F91-B790-BEF293765DBF}.Release|Any CPU.Build.0 = Release|Any CPU
		{315DC47C-6E4B-47AF-BEC7-78A67B5AB9CF}.Debug|Any CPU.ActiveCfg = Debug|Any CPU
		{315DC47C-6E4B-47AF-BEC7-78A67B5AB9CF}.Debug|Any CPU.Build.0 = Debug|Any CPU
		{315DC47C-6E4B-47AF-BEC7-78A67B5AB9CF}.Release|Any CPU.ActiveCfg = Release|Any CPU
		{315DC47C-6E4B-47AF-BEC7-78A67B5AB9CF}.Release|Any CPU.Build.0 = Release|Any CPU
		{A909E1AE-E244-4842-B909-8F4CDF8C2DD0}.Debug|Any CPU.ActiveCfg = Debug|Any CPU
		{A909E1AE-E244-4842-B909-8F4CDF8C2DD0}.Debug|Any CPU.Build.0 = Debug|Any CPU
		{A909E1AE-E244-4842-B909-8F4CDF8C2DD0}.Release|Any CPU.ActiveCfg = Release|Any CPU
		{A909E1AE-E244-4842-B909-8F4CDF8C2DD0}.Release|Any CPU.Build.0 = Release|Any CPU
		{99058564-5928-4312-87B3-A2DE922ED8AC}.Debug|Any CPU.ActiveCfg = Debug|Any CPU
		{99058564-5928-4312-87B3-A2DE922ED8AC}.Debug|Any CPU.Build.0 = Debug|Any CPU
		{99058564-5928-4312-87B3-A2DE922ED8AC}.Release|Any CPU.ActiveCfg = Release|Any CPU
		{99058564-5928-4312-87B3-A2DE922ED8AC}.Release|Any CPU.Build.0 = Release|Any CPU
		{A0C834A4-D37E-4BC6-9400-FDC91F4D03E7}.Debug|Any CPU.ActiveCfg = Debug|Any CPU
		{A0C834A4-D37E-4BC6-9400-FDC91F4D03E7}.Debug|Any CPU.Build.0 = Debug|Any CPU
		{A0C834A4-D37E-4BC6-9400-FDC91F4D03E7}.Release|Any CPU.ActiveCfg = Release|Any CPU
		{A0C834A4-D37E-4BC6-9400-FDC91F4D03E7}.Release|Any CPU.Build.0 = Release|Any CPU
		{08F45C13-C9BC-4A62-96AC-39CD4FEDF6DA}.Debug|Any CPU.ActiveCfg = Debug|Any CPU
		{08F45C13-C9BC-4A62-96AC-39CD4FEDF6DA}.Debug|Any CPU.Build.0 = Debug|Any CPU
		{08F45C13-C9BC-4A62-96AC-39CD4FEDF6DA}.Release|Any CPU.ActiveCfg = Release|Any CPU
		{08F45C13-C9BC-4A62-96AC-39CD4FEDF6DA}.Release|Any CPU.Build.0 = Release|Any CPU
		{B44AEB95-44BC-4B86-82CE-5019E76F42EB}.Debug|Any CPU.ActiveCfg = Debug|Any CPU
		{B44AEB95-44BC-4B86-82CE-5019E76F42EB}.Debug|Any CPU.Build.0 = Debug|Any CPU
		{B44AEB95-44BC-4B86-82CE-5019E76F42EB}.Release|Any CPU.ActiveCfg = Release|Any CPU
		{B44AEB95-44BC-4B86-82CE-5019E76F42EB}.Release|Any CPU.Build.0 = Release|Any CPU
		{35FCFFB7-2768-49B1-B092-56F1B8C924D8}.Debug|Any CPU.ActiveCfg = Debug|Any CPU
		{35FCFFB7-2768-49B1-B092-56F1B8C924D8}.Debug|Any CPU.Build.0 = Debug|Any CPU
		{35FCFFB7-2768-49B1-B092-56F1B8C924D8}.Release|Any CPU.ActiveCfg = Release|Any CPU
		{35FCFFB7-2768-49B1-B092-56F1B8C924D8}.Release|Any CPU.Build.0 = Release|Any CPU
		{8B56C8BA-72BD-4277-A7C3-ACA00310EDB7}.Debug|Any CPU.ActiveCfg = Debug|Any CPU
		{8B56C8BA-72BD-4277-A7C3-ACA00310EDB7}.Debug|Any CPU.Build.0 = Debug|Any CPU
		{8B56C8BA-72BD-4277-A7C3-ACA00310EDB7}.Release|Any CPU.ActiveCfg = Release|Any CPU
		{8B56C8BA-72BD-4277-A7C3-ACA00310EDB7}.Release|Any CPU.Build.0 = Release|Any CPU
		{025E1607-646B-4328-A19E-67ED1B3CC42A}.Debug|Any CPU.ActiveCfg = Debug|Any CPU
		{025E1607-646B-4328-A19E-67ED1B3CC42A}.Debug|Any CPU.Build.0 = Debug|Any CPU
		{025E1607-646B-4328-A19E-67ED1B3CC42A}.Release|Any CPU.ActiveCfg = Release|Any CPU
		{025E1607-646B-4328-A19E-67ED1B3CC42A}.Release|Any CPU.Build.0 = Release|Any CPU
		{AD313E8F-C15C-4A96-BCA8-29361BE02A75}.Debug|Any CPU.ActiveCfg = Debug|Any CPU
		{AD313E8F-C15C-4A96-BCA8-29361BE02A75}.Debug|Any CPU.Build.0 = Debug|Any CPU
		{AD313E8F-C15C-4A96-BCA8-29361BE02A75}.Release|Any CPU.ActiveCfg = Release|Any CPU
		{AD313E8F-C15C-4A96-BCA8-29361BE02A75}.Release|Any CPU.Build.0 = Release|Any CPU
		{873F08B2-6DF2-48BF-A971-3C8335243BD6}.Debug|Any CPU.ActiveCfg = Debug|Any CPU
		{873F08B2-6DF2-48BF-A971-3C8335243BD6}.Debug|Any CPU.Build.0 = Debug|Any CPU
		{873F08B2-6DF2-48BF-A971-3C8335243BD6}.Release|Any CPU.ActiveCfg = Release|Any CPU
		{873F08B2-6DF2-48BF-A971-3C8335243BD6}.Release|Any CPU.Build.0 = Release|Any CPU
		{C61AEDE9-7027-49F6-B2E9-3A08AD42EDC7}.Debug|Any CPU.ActiveCfg = Debug|Any CPU
		{C61AEDE9-7027-49F6-B2E9-3A08AD42EDC7}.Debug|Any CPU.Build.0 = Debug|Any CPU
		{C61AEDE9-7027-49F6-B2E9-3A08AD42EDC7}.Release|Any CPU.ActiveCfg = Release|Any CPU
		{C61AEDE9-7027-49F6-B2E9-3A08AD42EDC7}.Release|Any CPU.Build.0 = Release|Any CPU
		{40EC264A-6D97-4A7C-8615-82A27D6B2ACB}.Debug|Any CPU.ActiveCfg = Debug|Any CPU
		{40EC264A-6D97-4A7C-8615-82A27D6B2ACB}.Debug|Any CPU.Build.0 = Debug|Any CPU
		{40EC264A-6D97-4A7C-8615-82A27D6B2ACB}.Release|Any CPU.ActiveCfg = Release|Any CPU
		{40EC264A-6D97-4A7C-8615-82A27D6B2ACB}.Release|Any CPU.Build.0 = Release|Any CPU
		{E3758ECB-A094-4F48-ADA0-6CB535D961D5}.Debug|Any CPU.ActiveCfg = Debug|Any CPU
		{E3758ECB-A094-4F48-ADA0-6CB535D961D5}.Debug|Any CPU.Build.0 = Debug|Any CPU
		{E3758ECB-A094-4F48-ADA0-6CB535D961D5}.Release|Any CPU.ActiveCfg = Release|Any CPU
		{E3758ECB-A094-4F48-ADA0-6CB535D961D5}.Release|Any CPU.Build.0 = Release|Any CPU
		{88D39D10-6CE2-47B5-9CDB-A7D0C17980A2}.Debug|Any CPU.ActiveCfg = Debug|Any CPU
		{88D39D10-6CE2-47B5-9CDB-A7D0C17980A2}.Debug|Any CPU.Build.0 = Debug|Any CPU
		{88D39D10-6CE2-47B5-9CDB-A7D0C17980A2}.Release|Any CPU.ActiveCfg = Release|Any CPU
		{88D39D10-6CE2-47B5-9CDB-A7D0C17980A2}.Release|Any CPU.Build.0 = Release|Any CPU
		{35503ED0-F05E-4FED-9DE7-513E9A35DC55}.Debug|Any CPU.ActiveCfg = Debug|Any CPU
		{35503ED0-F05E-4FED-9DE7-513E9A35DC55}.Debug|Any CPU.Build.0 = Debug|Any CPU
		{35503ED0-F05E-4FED-9DE7-513E9A35DC55}.Release|Any CPU.ActiveCfg = Release|Any CPU
		{35503ED0-F05E-4FED-9DE7-513E9A35DC55}.Release|Any CPU.Build.0 = Release|Any CPU
		{C4435D79-139C-4102-A81E-F0A118AE2237}.Debug|Any CPU.ActiveCfg = Debug|Any CPU
		{C4435D79-139C-4102-A81E-F0A118AE2237}.Debug|Any CPU.Build.0 = Debug|Any CPU
		{C4435D79-139C-4102-A81E-F0A118AE2237}.Release|Any CPU.ActiveCfg = Release|Any CPU
		{C4435D79-139C-4102-A81E-F0A118AE2237}.Release|Any CPU.Build.0 = Release|Any CPU
		{CC948080-FFEA-4097-ABD0-1AE75FD3B1AF}.Debug|Any CPU.ActiveCfg = Debug|Any CPU
		{CC948080-FFEA-4097-ABD0-1AE75FD3B1AF}.Debug|Any CPU.Build.0 = Debug|Any CPU
		{CC948080-FFEA-4097-ABD0-1AE75FD3B1AF}.Release|Any CPU.ActiveCfg = Release|Any CPU
		{CC948080-FFEA-4097-ABD0-1AE75FD3B1AF}.Release|Any CPU.Build.0 = Release|Any CPU
		{CDDF8EE9-91F9-45F6-BE1B-4B93EFEF1A9A}.Debug|Any CPU.ActiveCfg = Debug|Any CPU
		{CDDF8EE9-91F9-45F6-BE1B-4B93EFEF1A9A}.Debug|Any CPU.Build.0 = Debug|Any CPU
		{CDDF8EE9-91F9-45F6-BE1B-4B93EFEF1A9A}.Release|Any CPU.ActiveCfg = Release|Any CPU
		{CDDF8EE9-91F9-45F6-BE1B-4B93EFEF1A9A}.Release|Any CPU.Build.0 = Release|Any CPU
		{223F039D-89E8-4588-8A4B-2EA8C561EFE9}.Debug|Any CPU.ActiveCfg = Debug|Any CPU
		{223F039D-89E8-4588-8A4B-2EA8C561EFE9}.Debug|Any CPU.Build.0 = Debug|Any CPU
		{223F039D-89E8-4588-8A4B-2EA8C561EFE9}.Release|Any CPU.ActiveCfg = Release|Any CPU
		{223F039D-89E8-4588-8A4B-2EA8C561EFE9}.Release|Any CPU.Build.0 = Release|Any CPU
		{85BF2C1F-41B9-41EF-8614-7A888AB6DCD2}.Debug|Any CPU.ActiveCfg = Debug|Any CPU
		{85BF2C1F-41B9-41EF-8614-7A888AB6DCD2}.Debug|Any CPU.Build.0 = Debug|Any CPU
		{85BF2C1F-41B9-41EF-8614-7A888AB6DCD2}.Release|Any CPU.ActiveCfg = Release|Any CPU
		{85BF2C1F-41B9-41EF-8614-7A888AB6DCD2}.Release|Any CPU.Build.0 = Release|Any CPU
		{72E8EE56-6B1A-47C7-9A3B-8E2CAC9C2F18}.Debug|Any CPU.ActiveCfg = Debug|Any CPU
		{72E8EE56-6B1A-47C7-9A3B-8E2CAC9C2F18}.Debug|Any CPU.Build.0 = Debug|Any CPU
		{72E8EE56-6B1A-47C7-9A3B-8E2CAC9C2F18}.Release|Any CPU.ActiveCfg = Release|Any CPU
		{72E8EE56-6B1A-47C7-9A3B-8E2CAC9C2F18}.Release|Any CPU.Build.0 = Release|Any CPU
	EndGlobalSection
	GlobalSection(SolutionProperties) = preSolution
		HideSolutionNode = FALSE
	EndGlobalSection
	GlobalSection(ExtensibilityGlobals) = postSolution
		SolutionGuid = {91081AC3-8C0E-47C9-AA2C-89B211548050}
	EndGlobalSection
EndGlobal
