
Microsoft Visual Studio Solution File, Format Version 12.00
# Visual Studio Version 17
VisualStudioVersion = 17.3.32929.385
MinimumVisualStudioVersion = 10.0.40219.1
Project("{9A19103F-16F7-4668-BE54-9A1E7A4F7556}") = "6_3_Binding的源与路径_索引器", "6_3_Binding的源与路径_索引器\6_3_Binding的源与路径_索引器.csproj", "{1173AEEE-19DD-4689-BD67-086E2286F296}"
EndProject
Project("{9A19103F-16F7-4668-BE54-9A1E7A4F7556}") = "6_3_Binding的源与路径_绑定集合中的元素", "6_3_Binding的源与路径_绑定集合中的元素\6_3_Binding的源与路径_绑定集合中的元素.csproj", "{368AF743-4A1C-4DAC-BCBA-459205548219}"
EndProject
Project("{9A19103F-16F7-4668-BE54-9A1E7A4F7556}") = "6_3_Binding的源与路径_6DataContext", "6_3_Binding的源与路径_6DataContext\6_3_Binding的源与路径_6DataContext.csproj", "{E5BDF94E-FDFB-4DAE-AB4C-739915B1EB0D}"
EndProject
Project("{9A19103F-16F7-4668-BE54-9A1E7A4F7556}") = "6_3_Binding的源与路径_7_ItemsSource", "6_3_Binding的源与路径_7_ItemsSource\6_3_Binding的源与路径_7_ItemsSource.csproj", "{F20C5990-303A-46D5-979D-FFE602F07CE0}"
EndProject
Project("{9A19103F-16F7-4668-BE54-9A1E7A4F7556}") = "6_4_Binding对数据的转换与校验_1_Binding数据校验", "6_4_Binding对数据的转换与校验_1_Binding数据校验\6_4_Binding对数据的转换与校验_1_Binding数据校验.csproj", "{572634E7-F125-4D76-B5FF-4467C7C94B28}"
EndProject
Project("{9A19103F-16F7-4668-BE54-9A1E7A4F7556}") = "6_4_Binding对数据的转换与校验_2_数据转换", "6_4_Binding对数据的转换与校验_2_数据转换\6_4_Binding对数据的转换与校验_2_数据转换.csproj", "{F8F262D3-AAA2-4386-8B97-89DD54465410}"
EndProject
Project("{FAE04EC0-301F-11D3-BF4B-00C04F79EFBC}") = "6_5_MultiBinding", "6_5_MultiBinding\6_5_MultiBinding.csproj", "{AA64BD9D-D0F4-45F3-9ED9-627B04FB2826}"
EndProject
Global
	GlobalSection(SolutionConfigurationPlatforms) = preSolution
		Debug|Any CPU = Debug|Any CPU
		Release|Any CPU = Release|Any CPU
	EndGlobalSection
	GlobalSection(ProjectConfigurationPlatforms) = postSolution
		{1173AEEE-19DD-4689-BD67-086E2286F296}.Debug|Any CPU.ActiveCfg = Debug|Any CPU
		{1173AEEE-19DD-4689-BD67-086E2286F296}.Debug|Any CPU.Build.0 = Debug|Any CPU
		{1173AEEE-19DD-4689-BD67-086E2286F296}.Release|Any CPU.ActiveCfg = Release|Any CPU
		{1173AEEE-19DD-4689-BD67-086E2286F296}.Release|Any CPU.Build.0 = Release|Any CPU
		{368AF743-4A1C-4DAC-BCBA-459205548219}.Debug|Any CPU.ActiveCfg = Debug|Any CPU
		{368AF743-4A1C-4DAC-BCBA-459205548219}.Debug|Any CPU.Build.0 = Debug|Any CPU
		{368AF743-4A1C-4DAC-BCBA-459205548219}.Release|Any CPU.ActiveCfg = Release|Any CPU
		{368AF743-4A1C-4DAC-BCBA-459205548219}.Release|Any CPU.Build.0 = Release|Any CPU
		{E5BDF94E-FDFB-4DAE-AB4C-739915B1EB0D}.Debug|Any CPU.ActiveCfg = Debug|Any CPU
		{E5BDF94E-FDFB-4DAE-AB4C-739915B1EB0D}.Debug|Any CPU.Build.0 = Debug|Any CPU
		{E5BDF94E-FDFB-4DAE-AB4C-739915B1EB0D}.Release|Any CPU.ActiveCfg = Release|Any CPU
		{E5BDF94E-FDFB-4DAE-AB4C-739915B1EB0D}.Release|Any CPU.Build.0 = Release|Any CPU
		{F20C5990-303A-46D5-979D-FFE602F07CE0}.Debug|Any CPU.ActiveCfg = Debug|Any CPU
		{F20C5990-303A-46D5-979D-FFE602F07CE0}.Debug|Any CPU.Build.0 = Debug|Any CPU
		{F20C5990-303A-46D5-979D-FFE602F07CE0}.Release|Any CPU.ActiveCfg = Release|Any CPU
		{F20C5990-303A-46D5-979D-FFE602F07CE0}.Release|Any CPU.Build.0 = Release|Any CPU
		{572634E7-F125-4D76-B5FF-4467C7C94B28}.Debug|Any CPU.ActiveCfg = Debug|Any CPU
		{572634E7-F125-4D76-B5FF-4467C7C94B28}.Debug|Any CPU.Build.0 = Debug|Any CPU
		{572634E7-F125-4D76-B5FF-4467C7C94B28}.Release|Any CPU.ActiveCfg = Release|Any CPU
		{572634E7-F125-4D76-B5FF-4467C7C94B28}.Release|Any CPU.Build.0 = Release|Any CPU
		{F8F262D3-AAA2-4386-8B97-89DD54465410}.Debug|Any CPU.ActiveCfg = Debug|Any CPU
		{F8F262D3-AAA2-4386-8B97-89DD54465410}.Debug|Any CPU.Build.0 = Debug|Any CPU
		{F8F262D3-AAA2-4386-8B97-89DD54465410}.Release|Any CPU.ActiveCfg = Release|Any CPU
		{F8F262D3-AAA2-4386-8B97-89DD54465410}.Release|Any CPU.Build.0 = Release|Any CPU
		{AA64BD9D-D0F4-45F3-9ED9-627B04FB2826}.Debug|Any CPU.ActiveCfg = Debug|Any CPU
		{AA64BD9D-D0F4-45F3-9ED9-627B04FB2826}.Debug|Any CPU.Build.0 = Debug|Any CPU
		{AA64BD9D-D0F4-45F3-9ED9-627B04FB2826}.Release|Any CPU.ActiveCfg = Release|Any CPU
		{AA64BD9D-D0F4-45F3-9ED9-627B04FB2826}.Release|Any CPU.Build.0 = Release|Any CPU
	EndGlobalSection
	GlobalSection(SolutionProperties) = preSolution
		HideSolutionNode = FALSE
	EndGlobalSection
	GlobalSection(ExtensibilityGlobals) = postSolution
		SolutionGuid = {91081AC3-8C0E-47C9-AA2C-89B211548050}
	EndGlobalSection
EndGlobal
